
Microsoft Visual Studio Solution File, Format Version 12.00
# Visual Studio Version 16
VisualStudioVersion = 16.0.30804.86
MinimumVisualStudioVersion = 15.0.26124.0
Project("{9A19103F-16F7-4668-BE54-9A1E7A4F7556}") = "SunnyDaysSports", "SunnyDaysSports\SunnyDaysSports.csproj", "{33674B58-0ECE-4C29-A181-5206D67479EC}"
EndProject
Project("{9A19103F-16F7-4668-BE54-9A1E7A4F7556}") = "SunnyDaysSports.Tests", "SunnyDaysSports.Tests\SunnyDaysSports.Tests.csproj", "{49A568B2-FADC-4152-8E71-E3929B80D9BF}"
EndProject
Global
	GlobalSection(SolutionConfigurationPlatforms) = preSolution
		Debug|Any CPU = Debug|Any CPU
		Debug|x64 = Debug|x64
		Debug|x86 = Debug|x86
		Release|Any CPU = Release|Any CPU
		Release|x64 = Release|x64
		Release|x86 = Release|x86
	EndGlobalSection
	GlobalSection(ProjectConfigurationPlatforms) = postSolution
		{33674B58-0ECE-4C29-A181-5206D67479EC}.Debug|Any CPU.ActiveCfg = Debug|Any CPU
		{33674B58-0ECE-4C29-A181-5206D67479EC}.Debug|Any CPU.Build.0 = Debug|Any CPU
		{33674B58-0ECE-4C29-A181-5206D67479EC}.Debug|x64.ActiveCfg = Debug|Any CPU
		{33674B58-0ECE-4C29-A181-5206D67479EC}.Debug|x64.Build.0 = Debug|Any CPU
		{33674B58-0ECE-4C29-A181-5206D67479EC}.Debug|x86.ActiveCfg = Debug|Any CPU
		{33674B58-0ECE-4C29-A181-5206D67479EC}.Debug|x86.Build.0 = Debug|Any CPU
		{33674B58-0ECE-4C29-A181-5206D67479EC}.Release|Any CPU.ActiveCfg = Release|Any CPU
		{33674B58-0ECE-4C29-A181-5206D67479EC}.Release|Any CPU.Build.0 = Release|Any CPU
		{33674B58-0ECE-4C29-A181-5206D67479EC}.Release|x64.ActiveCfg = Release|Any CPU
		{33674B58-0ECE-4C29-A181-5206D67479EC}.Release|x64.Build.0 = Release|Any CPU
		{33674B58-0ECE-4C29-A181-5206D67479EC}.Release|x86.ActiveCfg = Release|Any CPU
		{33674B58-0ECE-4C29-A181-5206D67479EC}.Release|x86.Build.0 = Release|Any CPU
		{49A568B2-FADC-4152-8E71-E3929B80D9BF}.Debug|Any CPU.ActiveCfg = Debug|Any CPU
		{49A568B2-FADC-4152-8E71-E3929B80D9BF}.Debug|Any CPU.Build.0 = Debug|Any CPU
		{49A568B2-FADC-4152-8E71-E3929B80D9BF}.Debug|x64.ActiveCfg = Debug|Any CPU
		{49A568B2-FADC-4152-8E71-E3929B80D9BF}.Debug|x64.Build.0 = Debug|Any CPU
		{49A568B2-FADC-4152-8E71-E3929B80D9BF}.Debug|x86.ActiveCfg = Debug|Any CPU
		{49A568B2-FADC-4152-8E71-E3929B80D9BF}.Debug|x86.Build.0 = Debug|Any CPU
		{49A568B2-FADC-4152-8E71-E3929B80D9BF}.Release|Any CPU.ActiveCfg = Release|Any CPU
		{49A568B2-FADC-4152-8E71-E3929B80D9BF}.Release|Any CPU.Build.0 = Release|Any CPU
		{49A568B2-FADC-4152-8E71-E3929B80D9BF}.Release|x64.ActiveCfg = Release|Any CPU
		{49A568B2-FADC-4152-8E71-E3929B80D9BF}.Release|x64.Build.0 = Release|Any CPU
		{49A568B2-FADC-4152-8E71-E3929B80D9BF}.Release|x86.ActiveCfg = Release|Any CPU
		{49A568B2-FADC-4152-8E71-E3929B80D9BF}.Release|x86.Build.0 = Release|Any CPU
	EndGlobalSection
	GlobalSection(SolutionProperties) = preSolution
		HideSolutionNode = FALSE
	EndGlobalSection
	GlobalSection(ExtensibilityGlobals) = postSolution
		SolutionGuid = {55C5F03A-7503-416C-A660-FDE09AF2000C}
	EndGlobalSection
EndGlobal
